
Microsoft Visual Studio Solution File, Format Version 12.00
# Visual Studio Version 17
VisualStudioVersion = 17.0.31903.59
MinimumVisualStudioVersion = 10.0.40219.1
Project("{9A19103F-16F7-4668-BE54-9A1E7A4F7556}") = "OrmRepositoryUnitOfWork", "ORM_Repos_UoW\OrmRepositoryUnitOfWork.csproj", "{61946E26-3C55-4847-9563-54620929B3D4}"
EndProject
Project("{9A19103F-16F7-4668-BE54-9A1E7A4F7556}") = "ReflectionExtensions", "ReflectionExtensions\ReflectionExtensions.csproj", "{BAC98B5E-BDC1-4FCC-9C88-AEB3B326109A}"
EndProject
Project("{9A19103F-16F7-4668-BE54-9A1E7A4F7556}") = "SeaBattleDomainModel", "SeaBattleDomainModel\SeaBattleDomainModel.csproj", "{3284C968-2554-46AA-B63C-826B536F948D}"
EndProject
Project("{FAE04EC0-301F-11D3-BF4B-00C04F79EFBC}") = "CustomIdentity", "CustomIdentity\CustomIdentity.csproj", "{C702574B-624F-46A8-9F1D-9BE5379E7A6B}"
EndProject
Global
	GlobalSection(SolutionConfigurationPlatforms) = preSolution
		Debug|Any CPU = Debug|Any CPU
		Release|Any CPU = Release|Any CPU
	EndGlobalSection
	GlobalSection(ProjectConfigurationPlatforms) = postSolution
		{61946E26-3C55-4847-9563-54620929B3D4}.Debug|Any CPU.ActiveCfg = Debug|Any CPU
		{61946E26-3C55-4847-9563-54620929B3D4}.Debug|Any CPU.Build.0 = Debug|Any CPU
		{61946E26-3C55-4847-9563-54620929B3D4}.Release|Any CPU.ActiveCfg = Release|Any CPU
		{61946E26-3C55-4847-9563-54620929B3D4}.Release|Any CPU.Build.0 = Release|Any CPU
		{BAC98B5E-BDC1-4FCC-9C88-AEB3B326109A}.Debug|Any CPU.ActiveCfg = Debug|Any CPU
		{BAC98B5E-BDC1-4FCC-9C88-AEB3B326109A}.Debug|Any CPU.Build.0 = Debug|Any CPU
		{BAC98B5E-BDC1-4FCC-9C88-AEB3B326109A}.Release|Any CPU.ActiveCfg = Release|Any CPU
		{BAC98B5E-BDC1-4FCC-9C88-AEB3B326109A}.Release|Any CPU.Build.0 = Release|Any CPU
		{3284C968-2554-46AA-B63C-826B536F948D}.Debug|Any CPU.ActiveCfg = Debug|Any CPU
		{3284C968-2554-46AA-B63C-826B536F948D}.Debug|Any CPU.Build.0 = Debug|Any CPU
		{3284C968-2554-46AA-B63C-826B536F948D}.Release|Any CPU.ActiveCfg = Release|Any CPU
		{3284C968-2554-46AA-B63C-826B536F948D}.Release|Any CPU.Build.0 = Release|Any CPU
		{C702574B-624F-46A8-9F1D-9BE5379E7A6B}.Debug|Any CPU.ActiveCfg = Debug|Any CPU
		{C702574B-624F-46A8-9F1D-9BE5379E7A6B}.Debug|Any CPU.Build.0 = Debug|Any CPU
		{C702574B-624F-46A8-9F1D-9BE5379E7A6B}.Release|Any CPU.ActiveCfg = Release|Any CPU
		{C702574B-624F-46A8-9F1D-9BE5379E7A6B}.Release|Any CPU.Build.0 = Release|Any CPU
	EndGlobalSection
	GlobalSection(SolutionProperties) = preSolution
		HideSolutionNode = FALSE
	EndGlobalSection
	GlobalSection(ExtensibilityGlobals) = postSolution
		SolutionGuid = {6A3C418B-00D3-48B2-A2A1-68381D4EEA56}
	EndGlobalSection
EndGlobal
