
Microsoft Visual Studio Solution File, Format Version 12.00
# Visual Studio Version 17
VisualStudioVersion = 17.0.31903.59
MinimumVisualStudioVersion = 10.0.40219.1
Project("{9A19103F-16F7-4668-BE54-9A1E7A4F7556}") = "SeaBattleDomainModel", "SeaBattleDomainModel\SeaBattleDomainModel.csproj", "{3284C968-2554-46AA-B63C-826B536F948D}"
EndProject
Project("{9A19103F-16F7-4668-BE54-9A1E7A4F7556}") = "CustomIdentityAPI", "CustomIdentityAPI\CustomIdentityAPI.csproj", "{C409BEF6-91F2-44BA-B401-EA25328EC49C}"
EndProject
Project("{54A90642-561A-4BB1-A94E-469ADEE60C69}") = "ClientApplication", "ClientApplication\ClientApplication.esproj", "{14557508-A5C0-4582-A33E-6B6A2C699AE5}"
EndProject
Project("{9A19103F-16F7-4668-BE54-9A1E7A4F7556}") = "ShopDomainModel", "ShopDomainModel\ShopDomainModel.csproj", "{EB86EE51-3286-4F0C-8BA8-D919908ED78F}"
EndProject
Project("{FAE04EC0-301F-11D3-BF4B-00C04F79EFBC}") = "testShop", "testShop\testShop.csproj", "{5826911F-4B87-48BC-BCD7-8D77331D0297}"
EndProject
Global
	GlobalSection(SolutionConfigurationPlatforms) = preSolution
		Debug|Any CPU = Debug|Any CPU
		Release|Any CPU = Release|Any CPU
	EndGlobalSection
	GlobalSection(ProjectConfigurationPlatforms) = postSolution
		{3284C968-2554-46AA-B63C-826B536F948D}.Debug|Any CPU.ActiveCfg = Debug|Any CPU
		{3284C968-2554-46AA-B63C-826B536F948D}.Debug|Any CPU.Build.0 = Debug|Any CPU
		{3284C968-2554-46AA-B63C-826B536F948D}.Release|Any CPU.ActiveCfg = Release|Any CPU
		{3284C968-2554-46AA-B63C-826B536F948D}.Release|Any CPU.Build.0 = Release|Any CPU
		{C409BEF6-91F2-44BA-B401-EA25328EC49C}.Debug|Any CPU.ActiveCfg = Debug|Any CPU
		{C409BEF6-91F2-44BA-B401-EA25328EC49C}.Debug|Any CPU.Build.0 = Debug|Any CPU
		{C409BEF6-91F2-44BA-B401-EA25328EC49C}.Release|Any CPU.ActiveCfg = Release|Any CPU
		{C409BEF6-91F2-44BA-B401-EA25328EC49C}.Release|Any CPU.Build.0 = Release|Any CPU
		{14557508-A5C0-4582-A33E-6B6A2C699AE5}.Debug|Any CPU.ActiveCfg = Debug|Any CPU
		{14557508-A5C0-4582-A33E-6B6A2C699AE5}.Debug|Any CPU.Build.0 = Debug|Any CPU
		{14557508-A5C0-4582-A33E-6B6A2C699AE5}.Debug|Any CPU.Deploy.0 = Debug|Any CPU
		{14557508-A5C0-4582-A33E-6B6A2C699AE5}.Release|Any CPU.ActiveCfg = Release|Any CPU
		{14557508-A5C0-4582-A33E-6B6A2C699AE5}.Release|Any CPU.Build.0 = Release|Any CPU
		{14557508-A5C0-4582-A33E-6B6A2C699AE5}.Release|Any CPU.Deploy.0 = Release|Any CPU
		{EB86EE51-3286-4F0C-8BA8-D919908ED78F}.Debug|Any CPU.ActiveCfg = Debug|Any CPU
		{EB86EE51-3286-4F0C-8BA8-D919908ED78F}.Debug|Any CPU.Build.0 = Debug|Any CPU
		{EB86EE51-3286-4F0C-8BA8-D919908ED78F}.Release|Any CPU.ActiveCfg = Release|Any CPU
		{EB86EE51-3286-4F0C-8BA8-D919908ED78F}.Release|Any CPU.Build.0 = Release|Any CPU
		{5826911F-4B87-48BC-BCD7-8D77331D0297}.Debug|Any CPU.ActiveCfg = Debug|Any CPU
		{5826911F-4B87-48BC-BCD7-8D77331D0297}.Debug|Any CPU.Build.0 = Debug|Any CPU
		{5826911F-4B87-48BC-BCD7-8D77331D0297}.Release|Any CPU.ActiveCfg = Release|Any CPU
		{5826911F-4B87-48BC-BCD7-8D77331D0297}.Release|Any CPU.Build.0 = Release|Any CPU
	EndGlobalSection
	GlobalSection(SolutionProperties) = preSolution
		HideSolutionNode = FALSE
	EndGlobalSection
	GlobalSection(ExtensibilityGlobals) = postSolution
		SolutionGuid = {6A3C418B-00D3-48B2-A2A1-68381D4EEA56}
	EndGlobalSection
EndGlobal
